
Microsoft Visual Studio Solution File, Format Version 12.00
# Visual Studio 15
VisualStudioVersion = 15.0.28010.2026
MinimumVisualStudioVersion = 10.0.40219.1
Project("{FAE04EC0-301F-11D3-BF4B-00C04F79EFBC}") = "LazyPythons.Bot", "LazyPythons.Bot\LazyPythons.Bot.csproj", "{CA570E28-2A6E-49BD-BDD0-8B7699A51455}"
EndProject
Project("{FAE04EC0-301F-11D3-BF4B-00C04F79EFBC}") = "LazyPythons.Abstractions", "LazyPythons.Abstractions\LazyPythons.Abstractions.csproj", "{1366C272-15C9-47FD-83F4-38AAA34D14AE}"
EndProject
Project("{FAE04EC0-301F-11D3-BF4B-00C04F79EFBC}") = "LazyPythons.Sql", "LazyPythons.Sql\LazyPythons.Sql.csproj", "{0A44FCFA-72D8-4AC2-AC93-E85625F05D19}"
EndProject
Project("{FAE04EC0-301F-11D3-BF4B-00C04F79EFBC}") = "LazyPythons", "LazyPythons\LazyPythons.csproj", "{A6DCD401-D864-40AD-888F-F5B05169BD30}"
EndProject
Project("{FAE04EC0-301F-11D3-BF4B-00C04F79EFBC}") = "LazyPythons.Configuration", "LazyPythons.Configuration\LazyPythons.Configuration.csproj", "{1DCE16B2-7C73-4889-8074-F31F36B826B9}"
EndProject
Global
	GlobalSection(SolutionConfigurationPlatforms) = preSolution
		Debug|Any CPU = Debug|Any CPU
		Release|Any CPU = Release|Any CPU
	EndGlobalSection
	GlobalSection(ProjectConfigurationPlatforms) = postSolution
		{CA570E28-2A6E-49BD-BDD0-8B7699A51455}.Debug|Any CPU.ActiveCfg = Debug|Any CPU
		{CA570E28-2A6E-49BD-BDD0-8B7699A51455}.Debug|Any CPU.Build.0 = Debug|Any CPU
		{CA570E28-2A6E-49BD-BDD0-8B7699A51455}.Release|Any CPU.ActiveCfg = Release|Any CPU
		{CA570E28-2A6E-49BD-BDD0-8B7699A51455}.Release|Any CPU.Build.0 = Release|Any CPU
		{1366C272-15C9-47FD-83F4-38AAA34D14AE}.Debug|Any CPU.ActiveCfg = Debug|Any CPU
		{1366C272-15C9-47FD-83F4-38AAA34D14AE}.Debug|Any CPU.Build.0 = Debug|Any CPU
		{1366C272-15C9-47FD-83F4-38AAA34D14AE}.Release|Any CPU.ActiveCfg = Release|Any CPU
		{1366C272-15C9-47FD-83F4-38AAA34D14AE}.Release|Any CPU.Build.0 = Release|Any CPU
		{0A44FCFA-72D8-4AC2-AC93-E85625F05D19}.Debug|Any CPU.ActiveCfg = Debug|Any CPU
		{0A44FCFA-72D8-4AC2-AC93-E85625F05D19}.Debug|Any CPU.Build.0 = Debug|Any CPU
		{0A44FCFA-72D8-4AC2-AC93-E85625F05D19}.Release|Any CPU.ActiveCfg = Release|Any CPU
		{0A44FCFA-72D8-4AC2-AC93-E85625F05D19}.Release|Any CPU.Build.0 = Release|Any CPU
		{A6DCD401-D864-40AD-888F-F5B05169BD30}.Debug|Any CPU.ActiveCfg = Debug|Any CPU
		{A6DCD401-D864-40AD-888F-F5B05169BD30}.Debug|Any CPU.Build.0 = Debug|Any CPU
		{A6DCD401-D864-40AD-888F-F5B05169BD30}.Release|Any CPU.ActiveCfg = Release|Any CPU
		{A6DCD401-D864-40AD-888F-F5B05169BD30}.Release|Any CPU.Build.0 = Release|Any CPU
		{1DCE16B2-7C73-4889-8074-F31F36B826B9}.Debug|Any CPU.ActiveCfg = Debug|Any CPU
		{1DCE16B2-7C73-4889-8074-F31F36B826B9}.Debug|Any CPU.Build.0 = Debug|Any CPU
		{1DCE16B2-7C73-4889-8074-F31F36B826B9}.Release|Any CPU.ActiveCfg = Release|Any CPU
		{1DCE16B2-7C73-4889-8074-F31F36B826B9}.Release|Any CPU.Build.0 = Release|Any CPU
	EndGlobalSection
	GlobalSection(SolutionProperties) = preSolution
		HideSolutionNode = FALSE
	EndGlobalSection
	GlobalSection(ExtensibilityGlobals) = postSolution
		SolutionGuid = {1D9373D0-5460-41A0-91D3-0FEC053C0AF5}
	EndGlobalSection
EndGlobal
